// !$*UTF8*$!
{
	archiveVersion = 1;
	classes = {
	};
	objectVersion = 46;
	objects = {

/* Begin PBXBuildFile section */
		BD8272EE1A60F6FC006BB574 /* main.m in Sources */ = {isa = PBXBuildFile; fileRef = BD8272ED1A60F6FC006BB574 /* main.m */; };
		BD8272F11A60F6FC006BB574 /* AppDelegate.m in Sources */ = {isa = PBXBuildFile; fileRef = BD8272F01A60F6FC006BB574 /* AppDelegate.m */; };
		BD8272F71A60F6FC006BB574 /* Main.storyboard in Resources */ = {isa = PBXBuildFile; fileRef = BD8272F51A60F6FC006BB574 /* Main.storyboard */; };
		BD8272F91A60F6FC006BB574 /* Images.xcassets in Resources */ = {isa = PBXBuildFile; fileRef = BD8272F81A60F6FC006BB574 /* Images.xcassets */; };
		BD8272FC1A60F6FC006BB574 /* LaunchScreen.xib in Resources */ = {isa = PBXBuildFile; fileRef = BD8272FA1A60F6FC006BB574 /* LaunchScreen.xib */; };
		BD8273081A60F6FC006BB574 /* RAMenuDrivenTests.m in Sources */ = {isa = PBXBuildFile; fileRef = BD8273071A60F6FC006BB574 /* RAMenuDrivenTests.m */; };
		BD8273141A60F770006BB574 /* RARootViewController.m in Sources */ = {isa = PBXBuildFile; fileRef = BD8273121A60F770006BB574 /* RARootViewController.m */; };
		BD8273151A60F770006BB574 /* RARootViewController.xib in Resources */ = {isa = PBXBuildFile; fileRef = BD8273131A60F770006BB574 /* RARootViewController.xib */; };
		BD8273191A60F830006BB574 /* RAMenuView.m in Sources */ = {isa = PBXBuildFile; fileRef = BD8273181A60F830006BB574 /* RAMenuView.m */; };
		BD82731B1A60F849006BB574 /* RAMenuView.xib in Resources */ = {isa = PBXBuildFile; fileRef = BD82731A1A60F849006BB574 /* RAMenuView.xib */; };
		BD82731D1A61005A006BB574 /* RARootViewController.m in Sources */ = {isa = PBXBuildFile; fileRef = BD8273121A60F770006BB574 /* RARootViewController.m */; };
		BD82731F1A610AA4006BB574 /* s.gif in Resources */ = {isa = PBXBuildFile; fileRef = BD82731E1A610AA4006BB574 /* s.gif */; };
		BD8273211A610AC7006BB574 /* Animation.gif in Resources */ = {isa = PBXBuildFile; fileRef = BD8273201A610AC7006BB574 /* Animation.gif */; };
/* End PBXBuildFile section */

/* Begin PBXContainerItemProxy section */
		BD8273021A60F6FC006BB574 /* PBXContainerItemProxy */ = {
			isa = PBXContainerItemProxy;
			containerPortal = BD8272E01A60F6FC006BB574 /* Project object */;
			proxyType = 1;
			remoteGlobalIDString = BD8272E71A60F6FC006BB574;
			remoteInfo = RAMenuDriven;
		};
/* End PBXContainerItemProxy section */

/* Begin PBXFileReference section */
		BD8272E81A60F6FC006BB574 /* RAMenuDriven.app */ = {isa = PBXFileReference; explicitFileType = wrapper.application; includeInIndex = 0; path = RAMenuDriven.app; sourceTree = BUILT_PRODUCTS_DIR; };
		BD8272EC1A60F6FC006BB574 /* Info.plist */ = {isa = PBXFileReference; lastKnownFileType = text.plist.xml; path = Info.plist; sourceTree = "<group>"; };
		BD8272ED1A60F6FC006BB574 /* main.m */ = {isa = PBXFileReference; lastKnownFileType = sourcecode.c.objc; path = main.m; sourceTree = "<group>"; };
		BD8272EF1A60F6FC006BB574 /* AppDelegate.h */ = {isa = PBXFileReference; lastKnownFileType = sourcecode.c.h; path = AppDelegate.h; sourceTree = "<group>"; };
		BD8272F01A60F6FC006BB574 /* AppDelegate.m */ = {isa = PBXFileReference; lastKnownFileType = sourcecode.c.objc; path = AppDelegate.m; sourceTree = "<group>"; };
		BD8272F61A60F6FC006BB574 /* Base */ = {isa = PBXFileReference; lastKnownFileType = file.storyboard; name = Base; path = Base.lproj/Main.storyboard; sourceTree = "<group>"; };
		BD8272F81A60F6FC006BB574 /* Images.xcassets */ = {isa = PBXFileReference; lastKnownFileType = folder.assetcatalog; path = Images.xcassets; sourceTree = "<group>"; };
		BD8272FB1A60F6FC006BB574 /* Base */ = {isa = PBXFileReference; lastKnownFileType = file.xib; name = Base; path = Base.lproj/LaunchScreen.xib; sourceTree = "<group>"; };
		BD8273011A60F6FC006BB574 /* RAMenuDrivenTests.xctest */ = {isa = PBXFileReference; explicitFileType = wrapper.cfbundle; includeInIndex = 0; path = RAMenuDrivenTests.xctest; sourceTree = BUILT_PRODUCTS_DIR; };
		BD8273061A60F6FC006BB574 /* Info.plist */ = {isa = PBXFileReference; lastKnownFileType = text.plist.xml; path = Info.plist; sourceTree = "<group>"; };
		BD8273071A60F6FC006BB574 /* RAMenuDrivenTests.m */ = {isa = PBXFileReference; lastKnownFileType = sourcecode.c.objc; path = RAMenuDrivenTests.m; sourceTree = "<group>"; };
		BD8273111A60F770006BB574 /* RARootViewController.h */ = {isa = PBXFileReference; fileEncoding = 4; lastKnownFileType = sourcecode.c.h; path = RARootViewController.h; sourceTree = "<group>"; };
		BD8273121A60F770006BB574 /* RARootViewController.m */ = {isa = PBXFileReference; fileEncoding = 4; lastKnownFileType = sourcecode.c.objc; path = RARootViewController.m; sourceTree = "<group>"; };
		BD8273131A60F770006BB574 /* RARootViewController.xib */ = {isa = PBXFileReference; fileEncoding = 4; lastKnownFileType = file.xib; path = RARootViewController.xib; sourceTree = "<group>"; };
		BD8273171A60F830006BB574 /* RAMenuView.h */ = {isa = PBXFileReference; fileEncoding = 4; lastKnownFileType = sourcecode.c.h; path = RAMenuView.h; sourceTree = "<group>"; };
		BD8273181A60F830006BB574 /* RAMenuView.m */ = {isa = PBXFileReference; fileEncoding = 4; lastKnownFileType = sourcecode.c.objc; path = RAMenuView.m; sourceTree = "<group>"; };
		BD82731A1A60F849006BB574 /* RAMenuView.xib */ = {isa = PBXFileReference; fileEncoding = 4; lastKnownFileType = file.xib; path = RAMenuView.xib; sourceTree = "<group>"; };
		BD82731E1A610AA4006BB574 /* s.gif */ = {isa = PBXFileReference; lastKnownFileType = image.gif; path = s.gif; sourceTree = "<group>"; };
		BD8273201A610AC7006BB574 /* Animation.gif */ = {isa = PBXFileReference; lastKnownFileType = image.gif; path = Animation.gif; sourceTree = "<group>"; };
/* End PBXFileReference section */

/* Begin PBXFrameworksBuildPhase section */
		BD8272E51A60F6FC006BB574 /* Frameworks */ = {
			isa = PBXFrameworksBuildPhase;
			buildActionMask = 2147483647;
			files = (
			);
			runOnlyForDeploymentPostprocessing = 0;
		};
		BD8272FE1A60F6FC006BB574 /* Frameworks */ = {
			isa = PBXFrameworksBuildPhase;
			buildActionMask = 2147483647;
			files = (
			);
			runOnlyForDeploymentPostprocessing = 0;
		};
/* End PBXFrameworksBuildPhase section */

/* Begin PBXGroup section */
		BD8272DF1A60F6FC006BB574 = {
			isa = PBXGroup;
			children = (
				BD8272EA1A60F6FC006BB574 /* RAMenuDriven */,
				BD8273041A60F6FC006BB574 /* RAMenuDrivenTests */,
				BD8272E91A60F6FC006BB574 /* Products */,
			);
			sourceTree = "<group>";
		};
		BD8272E91A60F6FC006BB574 /* Products */ = {
			isa = PBXGroup;
			children = (
				BD8272E81A60F6FC006BB574 /* RAMenuDriven.app */,
				BD8273011A60F6FC006BB574 /* RAMenuDrivenTests.xctest */,
			);
			name = Products;
			sourceTree = "<group>";
		};
		BD8272EA1A60F6FC006BB574 /* RAMenuDriven */ = {
			isa = PBXGroup;
			children = (
				BD82731C1A60FA71006BB574 /* Menu View */,
				BD8273161A60F77A006BB574 /* Delegate */,
				BD8273111A60F770006BB574 /* RARootViewController.h */,
				BD8273121A60F770006BB574 /* RARootViewController.m */,
				BD8272EB1A60F6FC006BB574 /* Supporting Files */,
			);
			path = RAMenuDriven;
			sourceTree = "<group>";
		};
		BD8272EB1A60F6FC006BB574 /* Supporting Files */ = {
			isa = PBXGroup;
			children = (
				BD8273201A610AC7006BB574 /* Animation.gif */,
				BD82731A1A60F849006BB574 /* RAMenuView.xib */,
				BD8273131A60F770006BB574 /* RARootViewController.xib */,
				BD8272F51A60F6FC006BB574 /* Main.storyboard */,
				BD8272F81A60F6FC006BB574 /* Images.xcassets */,
				BD8272FA1A60F6FC006BB574 /* LaunchScreen.xib */,
				BD82731E1A610AA4006BB574 /* s.gif */,
				BD8272EC1A60F6FC006BB574 /* Info.plist */,
				BD8272ED1A60F6FC006BB574 /* main.m */,
			);
			name = "Supporting Files";
			sourceTree = "<group>";
		};
		BD8273041A60F6FC006BB574 /* RAMenuDrivenTests */ = {
			isa = PBXGroup;
			children = (
				BD8273071A60F6FC006BB574 /* RAMenuDrivenTests.m */,
				BD8273051A60F6FC006BB574 /* Supporting Files */,
			);
			path = RAMenuDrivenTests;
			sourceTree = "<group>";
		};
		BD8273051A60F6FC006BB574 /* Supporting Files */ = {
			isa = PBXGroup;
			children = (
				BD8273061A60F6FC006BB574 /* Info.plist */,
			);
			name = "Supporting Files";
			sourceTree = "<group>";
		};
		BD8273161A60F77A006BB574 /* Delegate */ = {
			isa = PBXGroup;
			children = (
				BD8272EF1A60F6FC006BB574 /* AppDelegate.h */,
				BD8272F01A60F6FC006BB574 /* AppDelegate.m */,
			);
			name = Delegate;
			sourceTree = "<group>";
		};
		BD82731C1A60FA71006BB574 /* Menu View */ = {
			isa = PBXGroup;
			children = (
				BD8273171A60F830006BB574 /* RAMenuView.h */,
				BD8273181A60F830006BB574 /* RAMenuView.m */,
			);
			name = "Menu View";
			sourceTree = "<group>";
		};
/* End PBXGroup section */

/* Begin PBXNativeTarget section */
		BD8272E71A60F6FC006BB574 /* RAMenuDriven */ = {
			isa = PBXNativeTarget;
			buildConfigurationList = BD82730B1A60F6FC006BB574 /* Build configuration list for PBXNativeTarget "RAMenuDriven" */;
			buildPhases = (
				BD8272E41A60F6FC006BB574 /* Sources */,
				BD8272E51A60F6FC006BB574 /* Frameworks */,
				BD8272E61A60F6FC006BB574 /* Resources */,
			);
			buildRules = (
			);
			dependencies = (
			);
			name = RAMenuDriven;
			productName = RAMenuDriven;
			productReference = BD8272E81A60F6FC006BB574 /* RAMenuDriven.app */;
			productType = "com.apple.product-type.application";
		};
		BD8273001A60F6FC006BB574 /* RAMenuDrivenTests */ = {
			isa = PBXNativeTarget;
			buildConfigurationList = BD82730E1A60F6FC006BB574 /* Build configuration list for PBXNativeTarget "RAMenuDrivenTests" */;
			buildPhases = (
				BD8272FD1A60F6FC006BB574 /* Sources */,
				BD8272FE1A60F6FC006BB574 /* Frameworks */,
				BD8272FF1A60F6FC006BB574 /* Resources */,
			);
			buildRules = (
			);
			dependencies = (
				BD8273031A60F6FC006BB574 /* PBXTargetDependency */,
			);
			name = RAMenuDrivenTests;
			productName = RAMenuDrivenTests;
			productReference = BD8273011A60F6FC006BB574 /* RAMenuDrivenTests.xctest */;
			productType = "com.apple.product-type.bundle.unit-test";
		};
/* End PBXNativeTarget section */

/* Begin PBXProject section */
		BD8272E01A60F6FC006BB574 /* Project object */ = {
			isa = PBXProject;
			attributes = {
				LastUpgradeCheck = 0610;
				ORGANIZATIONNAME = "Rohan Aurora";
				TargetAttributes = {
					BD8272E71A60F6FC006BB574 = {
						CreatedOnToolsVersion = 6.1.1;
					};
					BD8273001A60F6FC006BB574 = {
						CreatedOnToolsVersion = 6.1.1;
						TestTargetID = BD8272E71A60F6FC006BB574;
					};
				};
			};
			buildConfigurationList = BD8272E31A60F6FC006BB574 /* Build configuration list for PBXProject "RAMenuDriven" */;
			compatibilityVersion = "Xcode 3.2";
			developmentRegion = English;
			hasScannedForEncodings = 0;
			knownRegions = (
				en,
				Base,
			);
			mainGroup = BD8272DF1A60F6FC006BB574;
			productRefGroup = BD8272E91A60F6FC006BB574 /* Products */;
			projectDirPath = "";
			projectRoot = "";
			targets = (
				BD8272E71A60F6FC006BB574 /* RAMenuDriven */,
				BD8273001A60F6FC006BB574 /* RAMenuDrivenTests */,
			);
		};
/* End PBXProject section */

/* Begin PBXResourcesBuildPhase section */
		BD8272E61A60F6FC006BB574 /* Resources */ = {
			isa = PBXResourcesBuildPhase;
			buildActionMask = 2147483647;
			files = (
				BD8273211A610AC7006BB574 /* Animation.gif in Resources */,
				BD82731F1A610AA4006BB574 /* s.gif in Resources */,
				BD8272F71A60F6FC006BB574 /* Main.storyboard in Resources */,
				BD8272FC1A60F6FC006BB574 /* LaunchScreen.xib in Resources */,
				BD82731B1A60F849006BB574 /* RAMenuView.xib in Resources */,
				BD8272F91A60F6FC006BB574 /* Images.xcassets in Resources */,
				BD8273151A60F770006BB574 /* RARootViewController.xib in Resources */,
			);
			runOnlyForDeploymentPostprocessing = 0;
		};
		BD8272FF1A60F6FC006BB574 /* Resources */ = {
			isa = PBXResourcesBuildPhase;
			buildActionMask = 2147483647;
			files = (
			);
			runOnlyForDeploymentPostprocessing = 0;
		};
/* End PBXResourcesBuildPhase section */

/* Begin PBXSourcesBuildPhase section */
		BD8272E41A60F6FC006BB574 /* Sources */ = {
			isa = PBXSourcesBuildPhase;
			buildActionMask = 2147483647;
			files = (
				BD8272F11A60F6FC006BB574 /* AppDelegate.m in Sources */,
				BD8272EE1A60F6FC006BB574 /* main.m in Sources */,
				BD8273191A60F830006BB574 /* RAMenuView.m in Sources */,
				BD8273141A60F770006BB574 /* RARootViewController.m in Sources */,
			);
			runOnlyForDeploymentPostprocessing = 0;
		};
		BD8272FD1A60F6FC006BB574 /* Sources */ = {
			isa = PBXSourcesBuildPhase;
			buildActionMask = 2147483647;
			files = (
				BD8273081A60F6FC006BB574 /* RAMenuDrivenTests.m in Sources */,
				BD82731D1A61005A006BB574 /* RARootViewController.m in Sources */,
			);
			runOnlyForDeploymentPostprocessing = 0;
		};
/* End PBXSourcesBuildPhase section */

/* Begin PBXTargetDependency section */
		BD8273031A60F6FC006BB574 /* PBXTargetDependency */ = {
			isa = PBXTargetDependency;
			target = BD8272E71A60F6FC006BB574 /* RAMenuDriven */;
			targetProxy = BD8273021A60F6FC006BB574 /* PBXContainerItemProxy */;
		};
/* End PBXTargetDependency section */

/* Begin PBXVariantGroup section */
		BD8272F51A60F6FC006BB574 /* Main.storyboard */ = {
			isa = PBXVariantGroup;
			children = (
				BD8272F61A60F6FC006BB574 /* Base */,
			);
			name = Main.storyboard;
			sourceTree = "<group>";
		};
		BD8272FA1A60F6FC006BB574 /* LaunchScreen.xib */ = {
			isa = PBXVariantGroup;
			children = (
				BD8272FB1A60F6FC006BB574 /* Base */,
			);
			name = LaunchScreen.xib;
			sourceTree = "<group>";
		};
/* End PBXVariantGroup section */

/* Begin XCBuildConfiguration section */
		BD8273091A60F6FC006BB574 /* Debug */ = {
			isa = XCBuildConfiguration;
			buildSettings = {
				ALWAYS_SEARCH_USER_PATHS = NO;
				CLANG_CXX_LANGUAGE_STANDARD = "gnu++0x";
				CLANG_CXX_LIBRARY = "libc++";
				CLANG_ENABLE_MODULES = YES;
				CLANG_ENABLE_OBJC_ARC = YES;
				CLANG_WARN_BOOL_CONVERSION = YES;
				CLANG_WARN_CONSTANT_CONVERSION = YES;
				CLANG_WARN_DIRECT_OBJC_ISA_USAGE = YES_ERROR;
				CLANG_WARN_EMPTY_BODY = YES;
				CLANG_WARN_ENUM_CONVERSION = YES;
				CLANG_WARN_INT_CONVERSION = YES;
				CLANG_WARN_OBJC_ROOT_CLASS = YES_ERROR;
				CLANG_WARN_UNREACHABLE_CODE = YES;
				CLANG_WARN__DUPLICATE_METHOD_MATCH = YES;
				"CODE_SIGN_IDENTITY[sdk=iphoneos*]" = "iPhone Developer";
				COPY_PHASE_STRIP = NO;
				ENABLE_STRICT_OBJC_MSGSEND = YES;
				GCC_C_LANGUAGE_STANDARD = gnu99;
				GCC_DYNAMIC_NO_PIC = NO;
				GCC_OPTIMIZATION_LEVEL = 0;
				GCC_PREPROCESSOR_DEFINITIONS = (
					"DEBUG=1",
					"$(inherited)",
				);
				GCC_SYMBOLS_PRIVATE_EXTERN = NO;
				GCC_WARN_64_TO_32_BIT_CONVERSION = YES;
				GCC_WARN_ABOUT_RETURN_TYPE = YES_ERROR;
				GCC_WARN_UNDECLARED_SELECTOR = YES;
				GCC_WARN_UNINITIALIZED_AUTOS = YES_AGGRESSIVE;
				GCC_WARN_UNUSED_FUNCTION = YES;
				GCC_WARN_UNUSED_VARIABLE = YES;
				IPHONEOS_DEPLOYMENT_TARGET = 8.1;
				MTL_ENABLE_DEBUG_INFO = YES;
				ONLY_ACTIVE_ARCH = YES;
				SDKROOT = iphoneos;
				TARGETED_DEVICE_FAMILY = "1,2";
			};
			name = Debug;
		};
		BD82730A1A60F6FC006BB574 /* Release */ = {
			isa = XCBuildConfiguration;
			buildSettings = {
				ALWAYS_SEARCH_USER_PATHS = NO;
				CLANG_CXX_LANGUAGE_STANDARD = "gnu++0x";
				CLANG_CXX_LIBRARY = "libc++";
				CLANG_ENABLE_MODULES = YES;
				CLANG_ENABLE_OBJC_ARC = YES;
				CLANG_WARN_BOOL_CONVERSION = YES;
				CLANG_WARN_CONSTANT_CONVERSION = YES;
				CLANG_WARN_DIRECT_OBJC_ISA_USAGE = YES_ERROR;
				CLANG_WARN_EMPTY_BODY = YES;
				CLANG_WARN_ENUM_CONVERSION = YES;
				CLANG_WARN_INT_CONVERSION = YES;
				CLANG_WARN_OBJC_ROOT_CLASS = YES_ERROR;
				CLANG_WARN_UNREACHABLE_CODE = YES;
				CLANG_WARN__DUPLICATE_METHOD_MATCH = YES;
				"CODE_SIGN_IDENTITY[sdk=iphoneos*]" = "iPhone Developer";
				COPY_PHASE_STRIP = YES;
				ENABLE_NS_ASSERTIONS = NO;
				ENABLE_STRICT_OBJC_MSGSEND = YES;
				GCC_C_LANGUAGE_STANDARD = gnu99;
				GCC_WARN_64_TO_32_BIT_CONVERSION = YES;
				GCC_WARN_ABOUT_RETURN_TYPE = YES_ERROR;
				GCC_WARN_UNDECLARED_SELECTOR = YES;
				GCC_WARN_UNINITIALIZED_AUTOS = YES_AGGRESSIVE;
				GCC_WARN_UNUSED_FUNCTION = YES;
				GCC_WARN_UNUSED_VARIABLE = YES;
				IPHONEOS_DEPLOYMENT_TARGET = 8.1;
				MTL_ENABLE_DEBUG_INFO = NO;
				SDKROOT = iphoneos;
				TARGETED_DEVICE_FAMILY = "1,2";
				VALIDATE_PRODUCT = YES;
			};
			name = Release;
		};
		BD82730C1A60F6FC006BB574 /* Debug */ = {
			isa = XCBuildConfiguration;
			buildSettings = {
				ASSETCATALOG_COMPILER_APPICON_NAME = AppIcon;
				INFOPLIST_FILE = RAMenuDriven/Info.plist;
				LD_RUNPATH_SEARCH_PATHS = "$(inherited) @executable_path/Frameworks";
				PRODUCT_NAME = "$(TARGET_NAME)";
			};
			name = Debug;
		};
		BD82730D1A60F6FC006BB574 /* Release */ = {
			isa = XCBuildConfiguration;
			buildSettings = {
				ASSETCATALOG_COMPILER_APPICON_NAME = AppIcon;
				INFOPLIST_FILE = RAMenuDriven/Info.plist;
				LD_RUNPATH_SEARCH_PATHS = "$(inherited) @executable_path/Frameworks";
				PRODUCT_NAME = "$(TARGET_NAME)";
			};
			name = Release;
		};
		BD82730F1A60F6FC006BB574 /* Debug */ = {
			isa = XCBuildConfiguration;
			buildSettings = {
				BUNDLE_LOADER = "$(TEST_HOST)";
				FRAMEWORK_SEARCH_PATHS = (
					"$(SDKROOT)/Developer/Library/Frameworks",
					"$(inherited)",
				);
				GCC_PREPROCESSOR_DEFINITIONS = (
					"DEBUG=1",
					"$(inherited)",
				);
				INFOPLIST_FILE = RAMenuDrivenTests/Info.plist;
				LD_RUNPATH_SEARCH_PATHS = "$(inherited) @executable_path/Frameworks @loader_path/Frameworks";
				PRODUCT_NAME = "$(TARGET_NAME)";
				TEST_HOST = "$(BUILT_PRODUCTS_DIR)/RAMenuDriven.app/RAMenuDriven";
			};
			name = Debug;
		};
		BD8273101A60F6FC006BB574 /* Release */ = {
			isa = XCBuildConfiguration;
			buildSettings = {
				BUNDLE_LOADER = "$(TEST_HOST)";
				FRAMEWORK_SEARCH_PATHS = (
					"$(SDKROOT)/Developer/Library/Frameworks",
					"$(inherited)",
				);
				INFOPLIST_FILE = RAMenuDrivenTests/Info.plist;
				LD_RUNPATH_SEARCH_PATHS = "$(inherited) @executable_path/Frameworks @loader_path/Frameworks";
				PRODUCT_NAME = "$(TARGET_NAME)";
				TEST_HOST = "$(BUILT_PRODUCTS_DIR)/RAMenuDriven.app/RAMenuDriven";
			};
			name = Release;
		};
/* End XCBuildConfiguration section */

/* Begin XCConfigurationList section */
		BD8272E31A60F6FC006BB574 /* Build configuration list for PBXProject "RAMenuDriven" */ = {
			isa = XCConfigurationList;
			buildConfigurations = (
				BD8273091A60F6FC006BB574 /* Debug */,
				BD82730A1A60F6FC006BB574 /* Release */,
			);
			defaultConfigurationIsVisible = 0;
			defaultConfigurationName = Release;
		};
		BD82730B1A60F6FC006BB574 /* Build configuration list for PBXNativeTarget "RAMenuDriven" */ = {
			isa = XCConfigurationList;
			buildConfigurations = (
				BD82730C1A60F6FC006BB574 /* Debug */,
				BD82730D1A60F6FC006BB574 /* Release */,
			);
			defaultConfigurationIsVisible = 0;
		};
		BD82730E1A60F6FC006BB574 /* Build configuration list for PBXNativeTarget "RAMenuDrivenTests" */ = {
			isa = XCConfigurationList;
			buildConfigurations = (
				BD82730F1A60F6FC006BB574 /* Debug */,
				BD8273101A60F6FC006BB574 /* Release */,
			);
			defaultConfigurationIsVisible = 0;
		};
/* End XCConfigurationList section */
	};
	rootObject = BD8272E01A60F6FC006BB574 /* Project object */;
}
